
Microsoft Visual Studio Solution File, Format Version 12.00
# Visual Studio Version 17
VisualStudioVersion = 17.8.34511.84
MinimumVisualStudioVersion = 10.0.40219.1
Project("{FAE04EC0-301F-11D3-BF4B-00C04F79EFBC}") = "WebServer", "WebServer\WebServer.csproj", "{444C6458-FBB7-46DD-B0E2-E15FE8D6146E}"
EndProject
Global
	GlobalSection(SolutionConfigurationPlatforms) = preSolution
		Debug|Any CPU = Debug|Any CPU
		Release|Any CPU = Release|Any CPU
	EndGlobalSection
	GlobalSection(ProjectConfigurationPlatforms) = postSolution
		{444C6458-FBB7-46DD-B0E2-E15FE8D6146E}.Debug|Any CPU.ActiveCfg = Debug|Any CPU
		{444C6458-FBB7-46DD-B0E2-E15FE8D6146E}.Debug|Any CPU.Build.0 = Debug|Any CPU
		{444C6458-FBB7-46DD-B0E2-E15FE8D6146E}.Release|Any CPU.ActiveCfg = Release|Any CPU
		{444C6458-FBB7-46DD-B0E2-E15FE8D6146E}.Release|Any CPU.Build.0 = Release|Any CPU
	EndGlobalSection
	GlobalSection(SolutionProperties) = preSolution
		HideSolutionNode = FALSE
	EndGlobalSection
	GlobalSection(ExtensibilityGlobals) = postSolution
		SolutionGuid = {DFB5FB2A-77DB-4097-A6D5-9B9B2F1FC798}
	EndGlobalSection
EndGlobal
